<?xml version="1.0" encoding="utf-8"?>
<Project ToolsVersion="4.0" xmlns="http://schemas.microsoft.com/developer/msbuild/2003">
  <ItemGroup>
    <Filter Include="Source Files">
      <UniqueIdentifier>{4FC737F1-C7A5-4376-A066-2A32D752A2FF}</UniqueIdentifier>
      <Extensions>cpp;c;cc;cxx;def;odl;idl;hpj;bat;asm;asmx</Extensions>
    </Filter>
    <Filter Include="Header Files">
      <UniqueIdentifier>{93995380-89BD-4b04-88EB-625FBE52EBFB}</UniqueIdentifier>
      <Extensions>h;hpp;hxx;hm;inl;inc;xsd</Extensions>
    </Filter>
    <Filter Include="Shader">
      <UniqueIdentifier>{67DA6AB6-F800-4c08-8B7A-83BB121AAD01}</UniqueIdentifier>
      <Extensions>rc;ico;cur;bmp;dlg;rc2;rct;bin;rgs;gif;jpg;jpeg;jpe;resx;tiff;tif;png;wav;mfcribbon-ms</Extensions>
    </Filter>
    <Filter Include="Source Files\Camera">
      <UniqueIdentifier>{6c73ed5b-c7dc-4dff-a44b-d5b5abc2d79c}</UniqueIdentifier>
    </Filter>
    <Filter Include="Source Files\Misc">
      <UniqueIdentifier>{6de96ed6-11a3-4353-abad-a01f7bcbdc64}</UniqueIdentifier>
    </Filter>
    <Filter Include="Source Files\Classes">
      <UniqueIdentifier>{c2717caf-5957-459e-bc19-475c33779888}</UniqueIdentifier>
    </Filter>
    <Filter Include="Source Files\Mesh">
      <UniqueIdentifier>{9a601c34-94be-4167-97f9-d62ddb2b01ce}</UniqueIdentifier>
    </Filter>
    <Filter Include="Source Files\Scene">
      <UniqueIdentifier>{21430d01-7c55-409f-8aa6-d8f261ad645a}</UniqueIdentifier>
    </Filter>
    <Filter Include="Header Files\Scene">
      <UniqueIdentifier>{571bf3b8-fa4d-4893-b5ca-e6dd64595da8}</UniqueIdentifier>
    </Filter>
    <Filter Include="Header Files\Classes">
      <UniqueIdentifier>{a20891a5-09ee-4b73-8869-4b5469d26d1c}</UniqueIdentifier>
    </Filter>
    <Filter Include="Header Files\Mesh">
      <UniqueIdentifier>{1ec3acda-412f-49df-845c-0f24e9763d20}</UniqueIdentifier>
    </Filter>
    <Filter Include="Header Files\Collision">
      <UniqueIdentifier>{614c8707-359a-4deb-aecc-ed2430d47124}</UniqueIdentifier>
    </Filter>
    <Filter Include="Header Files\Camera">
      <UniqueIdentifier>{44ce2c49-dc43-4dac-af9e-48dc24e62fed}</UniqueIdentifier>
    </Filter>
    <Filter Include="Header Files\Misc">
      <UniqueIdentifier>{91e40d31-7350-47af-9bc0-74e71369cb74}</UniqueIdentifier>
    </Filter>
    <Filter Include="Source Files\Collision">
      <UniqueIdentifier>{73256cc8-59b4-4bcb-98ce-b2657588fa8b}</UniqueIdentifier>
    </Filter>
    <Filter Include="Source Files\Classes\Strategies">
      <UniqueIdentifier>{beaf7705-1eb6-44cc-8ad8-6d232984535a}</UniqueIdentifier>
    </Filter>
    <Filter Include="Header Files\Classes\Strategies">
      <UniqueIdentifier>{a5703bcb-4750-4a9c-ad2e-b2a2f1df948c}</UniqueIdentifier>
    </Filter>
    <Filter Include="Header Files\Classes\Goodies">
      <UniqueIdentifier>{9434cfb2-fd16-4fa7-b09d-0fd4252e37cb}</UniqueIdentifier>
    </Filter>
    <Filter Include="Source Files\Classes\Goodies">
      <UniqueIdentifier>{7493edd2-04c5-4727-99d5-97caf2b432bd}</UniqueIdentifier>
    </Filter>
    <Filter Include="Source Files\Classes\Weapons">
      <UniqueIdentifier>{933cf1b9-0cd0-4219-81e6-e1cac26d6daf}</UniqueIdentifier>
    </Filter>
    <Filter Include="Header Files\Classes\Weapons">
      <UniqueIdentifier>{b6bd2108-dc53-41a9-ae25-2fac2fbc3ee7}</UniqueIdentifier>
    </Filter>
    <Filter Include="Source Files\Classes\Enemy">
      <UniqueIdentifier>{b1ee134e-a453-4c38-8f5d-6a9a319e5f7b}</UniqueIdentifier>
    </Filter>
    <Filter Include="Header Files\Classes\Enemy">
      <UniqueIdentifier>{4623fede-2788-4441-8b7c-6430ce0acdfe}</UniqueIdentifier>
    </Filter>
  </ItemGroup>
  <ItemGroup>
    <ClCompile Include="Source\Camera3.cpp">
      <Filter>Source Files\Camera</Filter>
    </ClCompile>
    <ClCompile Include="Source\Camera.cpp">
      <Filter>Source Files\Camera</Filter>
    </ClCompile>
    <ClCompile Include="Source\LoadOBJ.cpp">
      <Filter>Source Files\Misc</Filter>
    </ClCompile>
    <ClCompile Include="Source\LoadTGA.cpp">
      <Filter>Source Files\Misc</Filter>
    </ClCompile>
    <ClCompile Include="Source\Minimap.cpp">
      <Filter>Source Files\Classes</Filter>
    </ClCompile>
    <ClCompile Include="Source\Mesh.cpp">
      <Filter>Source Files\Mesh</Filter>
    </ClCompile>
    <ClCompile Include="Source\MeshBuilder.cpp">
      <Filter>Source Files\Mesh</Filter>
    </ClCompile>
    <ClCompile Include="Source\Utility.cpp">
      <Filter>Source Files\Misc</Filter>
    </ClCompile>
    <ClCompile Include="Source\shader.cpp">
      <Filter>Source Files\Misc</Filter>
    </ClCompile>
    <ClCompile Include="Source\Application.cpp">
      <Filter>Source Files\Scene</Filter>
    </ClCompile>
    <ClCompile Include="Source\main.cpp">
      <Filter>Source Files\Scene</Filter>
    </ClCompile>
    <ClCompile Include="Source\C3dOBB.cpp">
      <Filter>Source Files\Collision</Filter>
    </ClCompile>
    <ClCompile Include="Source\C3dAABB.cpp">
      <Filter>Source Files\Collision</Filter>
    </ClCompile>
    <ClCompile Include="Source\C3DObject.cpp">
      <Filter>Source Files\Collision</Filter>
    </ClCompile>
    <ClCompile Include="Source\LoadHmap.cpp">
      <Filter>Source Files\Misc</Filter>
    </ClCompile>
    <ClCompile Include="Source\Map.cpp">
      <Filter>Source Files\Classes</Filter>
    </ClCompile>
    <ClCompile Include="Source\SpriteAnimation.cpp">
      <Filter>Source Files\Classes</Filter>
    </ClCompile>
    <ClCompile Include="Source\SoundManager.cpp">
      <Filter>Source Files\Classes</Filter>
    </ClCompile>
    <ClCompile Include="Source\Strategy.cpp">
      <Filter>Source Files\Classes\Strategies</Filter>
    </ClCompile>
    <ClCompile Include="Source\Strategy_Kill.cpp">
      <Filter>Source Files\Classes\Strategies</Filter>
    </ClCompile>
    <ClCompile Include="Source\Goodies.cpp">
      <Filter>Source Files\Classes\Goodies</Filter>
    </ClCompile>
    <ClCompile Include="Source\GoodiesFactory.cpp">
      <Filter>Source Files\Classes\Goodies</Filter>
    </ClCompile>
    <ClCompile Include="Source\TreasureChest.cpp">
      <Filter>Source Files\Classes\Goodies</Filter>
    </ClCompile>
    <ClCompile Include="Source\MenuClass.cpp">
      <Filter>Source Files\Classes</Filter>
    </ClCompile>
    <ClCompile Include="Source\C2DBoundBox.cpp">
      <Filter>Source Files\Collision</Filter>
    </ClCompile>
    <ClCompile Include="Source\Weapon.cpp">
      <Filter>Source Files\Classes\Weapons</Filter>
    </ClCompile>
    <ClCompile Include="Source\Monster.cpp">
      <Filter>Source Files\Classes\Enemy</Filter>
    </ClCompile>
    <ClCompile Include="Source\Enemy.cpp">
      <Filter>Source Files\Classes\Enemy</Filter>
    </ClCompile>
    <ClCompile Include="Source\Shuriken.cpp">
      <Filter>Source Files\Classes\Weapons</Filter>
    </ClCompile>
    <ClCompile Include="Source\StudioProject.cpp">
      <Filter>Source Files\Scene</Filter>
    </ClCompile>
    <ClCompile Include="Source\Hero.cpp">
      <Filter>Source Files\Classes</Filter>
    </ClCompile>
    <ClCompile Include="Source\GrapplingHook.cpp">
      <Filter>Source Files\Classes\Weapons</Filter>
    </ClCompile>
    <ClCompile Include="Source\EnemyBullet.cpp">
      <Filter>Source Files\Classes\Enemy</Filter>
    </ClCompile>
    <ClCompile Include="Source\TileCollision.cpp">
      <Filter>Source Files\Mesh</Filter>
    </ClCompile>
    <ClCompile Include="Source\Inventory.cpp">
      <Filter>Source Files\Classes</Filter>
    </ClCompile>
  </ItemGroup>
  <ItemGroup>
    <ClInclude Include="Source\Camera.h">
      <Filter>Header Files\Camera</Filter>
    </ClInclude>
    <ClInclude Include="Source\Camera3.h">
      <Filter>Header Files\Camera</Filter>
    </ClInclude>
    <ClInclude Include="Source\LoadOBJ.h">
      <Filter>Header Files\Misc</Filter>
    </ClInclude>
    <ClInclude Include="Source\LoadTGA.h">
      <Filter>Header Files\Misc</Filter>
    </ClInclude>
    <ClInclude Include="Source\Vertex.h">
      <Filter>Header Files\Misc</Filter>
    </ClInclude>
    <ClInclude Include="Source\Utility.h">
      <Filter>Header Files\Misc</Filter>
    </ClInclude>
    <ClInclude Include="Source\shader.hpp">
      <Filter>Header Files\Misc</Filter>
    </ClInclude>
    <ClInclude Include="Source\MeshBuilder.h">
      <Filter>Header Files\Mesh</Filter>
    </ClInclude>
    <ClInclude Include="Source\Mesh.h">
      <Filter>Header Files\Mesh</Filter>
    </ClInclude>
    <ClInclude Include="Source\Minimap.h">
      <Filter>Header Files\Classes</Filter>
    </ClInclude>
    <ClInclude Include="Source\Application.h">
      <Filter>Header Files\Scene</Filter>
    </ClInclude>
    <ClInclude Include="Source\Scene.h">
      <Filter>Header Files\Scene</Filter>
    </ClInclude>
    <ClInclude Include="Source\Geometry.h">
      <Filter>Header Files\Misc</Filter>
    </ClInclude>
    <ClInclude Include="Source\Light.h">
      <Filter>Header Files\Misc</Filter>
    </ClInclude>
    <ClInclude Include="Source\Material.h">
      <Filter>Header Files\Misc</Filter>
    </ClInclude>
    <ClInclude Include="Source\C3dOBB.h">
      <Filter>Header Files\Collision</Filter>
    </ClInclude>
    <ClInclude Include="Source\C3DObject.h">
      <Filter>Header Files\Collision</Filter>
    </ClInclude>
    <ClInclude Include="Source\C3dAABB.h">
      <Filter>Header Files\Collision</Filter>
    </ClInclude>
    <ClInclude Include="Source\LoadHmap.h">
      <Filter>Header Files\Misc</Filter>
    </ClInclude>
    <ClInclude Include="Source\Map.h">
      <Filter>Header Files\Classes</Filter>
    </ClInclude>
    <ClInclude Include="Source\SpriteAnimation.h">
      <Filter>Header Files\Classes</Filter>
    </ClInclude>
    <ClInclude Include="Source\SoundManager.h">
      <Filter>Header Files\Classes</Filter>
    </ClInclude>
    <ClInclude Include="Source\Strategy.h">
      <Filter>Header Files\Classes\Strategies</Filter>
    </ClInclude>
    <ClInclude Include="Source\Strategy_Kill.h">
      <Filter>Header Files\Classes\Strategies</Filter>
    </ClInclude>
    <ClInclude Include="Source\GoodiesFactory.h">
      <Filter>Header Files\Classes\Goodies</Filter>
    </ClInclude>
    <ClInclude Include="Source\Goodies.h">
      <Filter>Header Files\Classes\Goodies</Filter>
    </ClInclude>
    <ClInclude Include="Source\TreasureChest.h">
      <Filter>Header Files\Classes\Goodies</Filter>
    </ClInclude>
    <ClInclude Include="Source\MenuClass.h">
      <Filter>Header Files\Classes</Filter>
    </ClInclude>
    <ClInclude Include="Source\C2DBoundBox.h">
      <Filter>Header Files\Collision</Filter>
    </ClInclude>
    <ClInclude Include="Source\Weapon.h">
      <Filter>Header Files\Classes\Weapons</Filter>
    </ClInclude>
    <ClInclude Include="Source\Enemy.h">
      <Filter>Header Files\Classes\Enemy</Filter>
    </ClInclude>
    <ClInclude Include="Source\Monster.h">
      <Filter>Header Files\Classes\Enemy</Filter>
    </ClInclude>
    <ClInclude Include="Source\Shuriken.h">
      <Filter>Header Files\Classes\Weapons</Filter>
    </ClInclude>
    <ClInclude Include="Source\TileCollision.h">
      <Filter>Header Files\Collision</Filter>
    </ClInclude>
    <ClInclude Include="Source\StudioProject.h">
      <Filter>Header Files\Scene</Filter>
    </ClInclude>
    <ClInclude Include="Source\Hero.h">
      <Filter>Header Files\Classes</Filter>
    </ClInclude>
    <ClInclude Include="Source\GrapplingHook.h">
      <Filter>Header Files\Classes\Weapons</Filter>
    </ClInclude>
    <ClInclude Include="Source\EnemyBullet.h">
      <Filter>Header Files\Classes\Enemy</Filter>
    </ClInclude>
    <ClInclude Include="Source\Inventory.h">
      <Filter>Header Files\Classes</Filter>
    </ClInclude>
  </ItemGroup>
</Project>